
Microsoft Visual Studio Solution File, Format Version 12.00
# Visual Studio Version 17
VisualStudioVersion = 17.0.32126.317
MinimumVisualStudioVersion = 10.0.40219.1
Project("{9A19103F-16F7-4668-BE54-9A1E7A4F7556}") = "BlazorTodo", "BlazorTodo.csproj", "{AD3E788A-8B90-466E-88D9-729EEAA6A376}"
EndProject
Global
	GlobalSection(SolutionConfigurationPlatforms) = preSolution
		Debug|Any CPU = Debug|Any CPU
		Release|Any CPU = Release|Any CPU
	EndGlobalSection
	GlobalSection(ProjectConfigurationPlatforms) = postSolution
		{AD3E788A-8B90-466E-88D9-729EEAA6A376}.Debug|Any CPU.ActiveCfg = Debug|Any CPU
		{AD3E788A-8B90-466E-88D9-729EEAA6A376}.Debug|Any CPU.Build.0 = Debug|Any CPU
		{AD3E788A-8B90-466E-88D9-729EEAA6A376}.Release|Any CPU.ActiveCfg = Release|Any CPU
		{AD3E788A-8B90-466E-88D9-729EEAA6A376}.Release|Any CPU.Build.0 = Release|Any CPU
	EndGlobalSection
	GlobalSection(SolutionProperties) = preSolution
		HideSolutionNode = FALSE
	EndGlobalSection
	GlobalSection(ExtensibilityGlobals) = postSolution
		SolutionGuid = {DF825951-9484-4A68-B114-92CD8BAA768D}
	EndGlobalSection
EndGlobal
